{
  "lockfileVersion": 1,
  "workspaces": {
    "": {
      "dependencies": {
        "@highlightjs/cdn-assets": "^11.11.1",
        "@highlightjs/vue-plugin": "^2.1.0",
        "@iconify/vue": "^5.0.0",
        "@vueuse/components": "^13.8.0",
        "@vueuse/core": "^13.8.0",
        "@vueuse/shared": "^13.8.0",
        "element-plus": "^2.11.1",
      },
    },
  },
  "packages": {
    "@babel/helper-string-parser": ["@babel/helper-string-parser@7.27.1", "", {}, "sha512-qMlSxKbpRlAridDExk92nSobyDdpPijUq2DW6oDnUqd0iOGxmQjyqhMIihI9+zv4LPyZdRje2cavWPbCbWm3eA=="],

    "@babel/helper-validator-identifier": ["@babel/helper-validator-identifier@7.27.1", "", {}, "sha512-D2hP9eA+Sqx1kBZgzxZh0y1trbuU+JoDkiEwqhQ36nodYqJwyEIhPSdMNd7lOm/4io72luTPWH20Yda0xOuUow=="],

    "@babel/parser": ["@babel/parser@7.28.3", "", { "dependencies": { "@babel/types": "^7.28.2" }, "bin": "./bin/babel-parser.js" }, "sha512-7+Ey1mAgYqFAx2h0RuoxcQT5+MlG3GTV0TQrgr7/ZliKsm/MNDxVVutlWaziMq7wJNAz8MTqz55XLpWvva6StA=="],

    "@babel/types": ["@babel/types@7.28.2", "", { "dependencies": { "@babel/helper-string-parser": "^7.27.1", "@babel/helper-validator-identifier": "^7.27.1" } }, "sha512-ruv7Ae4J5dUYULmeXw1gmb7rYRz57OWCPM57pHojnLq/3Z1CK2lNSLTCVjxVk1F/TZHwOZZrOWi0ur95BbLxNQ=="],

    "@ctrl/tinycolor": ["@ctrl/tinycolor@3.6.1", "", {}, "sha512-SITSV6aIXsuVNV3f3O0f2n/cgyEDWoSqtZMYiAmcsYHydcKrOz3gUxB/iXd/Qf08+IZX4KpgNbvUdMBmWz+kcA=="],

    "@element-plus/icons-vue": ["@element-plus/icons-vue@2.3.2", "", { "peerDependencies": { "vue": "^3.2.0" } }, "sha512-OzIuTaIfC8QXEPmJvB4Y4kw34rSXdCJzxcD1kFStBvr8bK6X1zQAYDo0CNMjojnfTqRQCJ0I7prlErcoRiET2A=="],

    "@floating-ui/core": ["@floating-ui/core@1.7.3", "", { "dependencies": { "@floating-ui/utils": "^0.2.10" } }, "sha512-sGnvb5dmrJaKEZ+LDIpguvdX3bDlEllmv4/ClQ9awcmCZrlx5jQyyMWFM5kBI+EyNOCDDiKk8il0zeuX3Zlg/w=="],

    "@floating-ui/dom": ["@floating-ui/dom@1.7.4", "", { "dependencies": { "@floating-ui/core": "^1.7.3", "@floating-ui/utils": "^0.2.10" } }, "sha512-OOchDgh4F2CchOX94cRVqhvy7b3AFb+/rQXyswmzmGakRfkMgoWVjfnLWkRirfLEfuD4ysVW16eXzwt3jHIzKA=="],

    "@floating-ui/utils": ["@floating-ui/utils@0.2.10", "", {}, "sha512-aGTxbpbg8/b5JfU1HXSrbH3wXZuLPJcNEcZQFMxLs3oSzgtVu6nFPkbbGGUvBcUjKV2YyB9Wxxabo+HEH9tcRQ=="],

    "@highlightjs/cdn-assets": ["@highlightjs/cdn-assets@11.11.1", "", {}, "sha512-VEPdHzwelZ12hEX18BHduqxMZGolcUsrbeokHYxOUIm8X2+M7nx5QPtPeQgRxR9XjhdLv4/7DD5BWOlSrJ3k7Q=="],

    "@highlightjs/vue-plugin": ["@highlightjs/vue-plugin@2.1.0", "", { "peerDependencies": { "highlight.js": "^11.0.1", "vue": "^3" } }, "sha512-E+bmk4ncca+hBEYRV2a+1aIzIV0VSY/e5ArjpuSN9IO7wBJrzUE2u4ESCwrbQD7sAy+jWQjkV5qCCWgc+pu7CQ=="],

    "@iconify/types": ["@iconify/types@2.0.0", "", {}, "sha512-+wluvCrRhXrhyOmRDJ3q8mux9JkKy5SJ/v8ol2tu4FVjyYvtEzkc/3pK15ET6RKg4b4w4BmTk1+gsCUhf21Ykg=="],

    "@iconify/vue": ["@iconify/vue@5.0.0", "", { "dependencies": { "@iconify/types": "^2.0.0" }, "peerDependencies": { "vue": ">=3" } }, "sha512-C+KuEWIF5nSBrobFJhT//JS87OZ++QDORB6f2q2Wm6fl2mueSTpFBeBsveK0KW9hWiZ4mNiPjsh6Zs4jjdROSg=="],

    "@jridgewell/sourcemap-codec": ["@jridgewell/sourcemap-codec@1.5.5", "", {}, "sha512-cYQ9310grqxueWbl+WuIUIaiUaDcj7WOq5fVhEljNVgRfOUhY9fy2zTvfoqWsnebh8Sl70VScFbICvJnLKB0Og=="],

    "@popperjs/core": ["@sxzz/popperjs-es@2.11.7", "", {}, "sha512-Ccy0NlLkzr0Ex2FKvh2X+OyERHXJ88XJ1MXtsI9y9fGexlaXaVTPzBCRBwIxFkORuOb+uBqeu+RqnpgYTEZRUQ=="],

    "@types/lodash": ["@types/lodash@4.17.20", "", {}, "sha512-H3MHACvFUEiujabxhaI/ImO6gUrd8oOurg7LQtS7mbwIXA/cUqWrvBsaeJ23aZEPk1TAYkurjfMbSELfoCXlGA=="],

    "@types/lodash-es": ["@types/lodash-es@4.17.12", "", { "dependencies": { "@types/lodash": "*" } }, "sha512-0NgftHUcV4v34VhXm8QBSftKVXtbkBG3ViCjs6+eJ5a6y6Mi/jiFGPc1sC7QK+9BFhWrURE3EOggmWaSxL9OzQ=="],

    "@types/web-bluetooth": ["@types/web-bluetooth@0.0.21", "", {}, "sha512-oIQLCGWtcFZy2JW77j9k8nHzAOpqMHLQejDA48XXMWH6tjCQHz5RCFz1bzsmROyL6PUm+LLnUiI4BCn221inxA=="],

    "@vue/compiler-core": ["@vue/compiler-core@3.5.19", "", { "dependencies": { "@babel/parser": "^7.28.3", "@vue/shared": "3.5.19", "entities": "^4.5.0", "estree-walker": "^2.0.2", "source-map-js": "^1.2.1" } }, "sha512-/afpyvlkrSNYbPo94Qu8GtIOWS+g5TRdOvs6XZNw6pWQQmj5pBgSZvEPOIZlqWq0YvoUhDDQaQ2TnzuJdOV4hA=="],

    "@vue/compiler-dom": ["@vue/compiler-dom@3.5.19", "", { "dependencies": { "@vue/compiler-core": "3.5.19", "@vue/shared": "3.5.19" } }, "sha512-Drs6rPHQZx/pN9S6ml3Z3K/TWCIRPvzG2B/o5kFK9X0MNHt8/E+38tiRfojufrYBfA6FQUFB2qBBRXlcSXWtOA=="],

    "@vue/compiler-sfc": ["@vue/compiler-sfc@3.5.19", "", { "dependencies": { "@babel/parser": "^7.28.3", "@vue/compiler-core": "3.5.19", "@vue/compiler-dom": "3.5.19", "@vue/compiler-ssr": "3.5.19", "@vue/shared": "3.5.19", "estree-walker": "^2.0.2", "magic-string": "^0.30.17", "postcss": "^8.5.6", "source-map-js": "^1.2.1" } }, "sha512-YWCm1CYaJ+2RvNmhCwI7t3I3nU+hOrWGWMsn+Z/kmm1jy5iinnVtlmkiZwbLlbV1SRizX7vHsc0/bG5dj0zRTg=="],

    "@vue/compiler-ssr": ["@vue/compiler-ssr@3.5.19", "", { "dependencies": { "@vue/compiler-dom": "3.5.19", "@vue/shared": "3.5.19" } }, "sha512-/wx0VZtkWOPdiQLWPeQeqpHWR/LuNC7bHfSX7OayBTtUy8wur6vT6EQIX6Et86aED6J+y8tTw43qo2uoqGg5sw=="],

    "@vue/reactivity": ["@vue/reactivity@3.5.19", "", { "dependencies": { "@vue/shared": "3.5.19" } }, "sha512-4bueZg2qs5MSsK2dQk3sssV0cfvxb/QZntTC8v7J448GLgmfPkQ+27aDjlt40+XFqOwUq5yRxK5uQh14Fc9eVA=="],

    "@vue/runtime-core": ["@vue/runtime-core@3.5.19", "", { "dependencies": { "@vue/reactivity": "3.5.19", "@vue/shared": "3.5.19" } }, "sha512-TaooCr8Hge1sWjLSyhdubnuofs3shhzZGfyD11gFolZrny76drPwBVQj28/z/4+msSFb18tOIg6VVVgf9/IbIA=="],

    "@vue/runtime-dom": ["@vue/runtime-dom@3.5.19", "", { "dependencies": { "@vue/reactivity": "3.5.19", "@vue/runtime-core": "3.5.19", "@vue/shared": "3.5.19", "csstype": "^3.1.3" } }, "sha512-qmahqeok6ztuUTmV8lqd7N9ymbBzctNF885n8gL3xdCC1u2RnM/coX16Via0AiONQXUoYpxPojL3U1IsDgSWUQ=="],

    "@vue/server-renderer": ["@vue/server-renderer@3.5.19", "", { "dependencies": { "@vue/compiler-ssr": "3.5.19", "@vue/shared": "3.5.19" }, "peerDependencies": { "vue": "3.5.19" } }, "sha512-ZJ/zV9SQuaIO+BEEVq/2a6fipyrSYfjKMU3267bPUk+oTx/hZq3RzV7VCh0Unlppt39Bvh6+NzxeopIFv4HJNg=="],

    "@vue/shared": ["@vue/shared@3.5.19", "", {}, "sha512-IhXCOn08wgKrLQxRFKKlSacWg4Goi1BolrdEeLYn6tgHjJNXVrWJ5nzoxZqNwl5p88aLlQ8LOaoMa3AYvaKJ/Q=="],

    "@vueuse/components": ["@vueuse/components@13.8.0", "", { "dependencies": { "@vueuse/core": "13.8.0", "@vueuse/shared": "13.8.0" }, "peerDependencies": { "vue": "^3.5.0" } }, "sha512-lAunbZhYdQB/eVQVJqTKTfPnyZUYgd5wgWDl6HymnM1jF1RT/lI/a2oLZNBu49Yr1cY2Eq/7jNvuZz/dMa1EIw=="],

    "@vueuse/core": ["@vueuse/core@13.8.0", "", { "dependencies": { "@types/web-bluetooth": "^0.0.21", "@vueuse/metadata": "13.8.0", "@vueuse/shared": "13.8.0" }, "peerDependencies": { "vue": "^3.5.0" } }, "sha512-rmBcgpEpxY0ZmyQQR94q1qkUcHREiLxQwNyWrtjMDipD0WTH/JBcAt0gdcn2PsH0SA76ec291cHFngmyaBhlxA=="],

    "@vueuse/metadata": ["@vueuse/metadata@13.8.0", "", {}, "sha512-BYMp3Gp1kBUPv7AfQnJYP96mkX7g7cKdTIgwv/Jgd+pfQhz678naoZOAcknRtPLP4cFblDDW7rF4e3KFa+PfIA=="],

    "@vueuse/shared": ["@vueuse/shared@13.8.0", "", { "peerDependencies": { "vue": "^3.5.0" } }, "sha512-x4nfM0ykW+RmNJ4/1IzZsuLuWWrNTxlTWUiehTGI54wnOxIgI9EDdu/O5S77ac6hvQ3hk2KpOVFHaM0M796Kbw=="],

    "async-validator": ["async-validator@4.2.5", "", {}, "sha512-7HhHjtERjqlNbZtqNqy2rckN/SpOOlmDliet+lP7k+eKZEjPk3DgyeU9lIXLdeLz0uBbbVp+9Qdow9wJWgwwfg=="],

    "csstype": ["csstype@3.1.3", "", {}, "sha512-M1uQkMl8rQK/szD0LNhtqxIPLpimGm8sOBwU7lLnCpSbTyY3yeU1Vc7l4KT5zT4s/yOxHH5O7tIuuLOCnLADRw=="],

    "dayjs": ["dayjs@1.11.13", "", {}, "sha512-oaMBel6gjolK862uaPQOVTA7q3TZhuSvuMQAAglQDOWYO9A91IrAOUJEyKVlqJlHE0vq5p5UXxzdPfMH/x6xNg=="],

    "element-plus": ["element-plus@2.11.1", "", { "dependencies": { "@ctrl/tinycolor": "^3.4.1", "@element-plus/icons-vue": "^2.3.1", "@floating-ui/dom": "^1.0.1", "@popperjs/core": "npm:@sxzz/popperjs-es@^2.11.7", "@types/lodash": "^4.14.182", "@types/lodash-es": "^4.17.6", "@vueuse/core": "^9.1.0", "async-validator": "^4.2.5", "dayjs": "^1.11.13", "escape-html": "^1.0.3", "lodash": "^4.17.21", "lodash-es": "^4.17.21", "lodash-unified": "^1.0.2", "memoize-one": "^6.0.0", "normalize-wheel-es": "^1.2.0" }, "peerDependencies": { "vue": "^3.2.0" } }, "sha512-weYFIniyNXTAe9vJZnmZpYzurh4TDbdKhBsJwhbzuo0SDZ8PLwHVll0qycJUxc6SLtH+7A9F7dvdDh5CnqeIVA=="],

    "entities": ["entities@4.5.0", "", {}, "sha512-V0hjH4dGPh9Ao5p0MoRY6BVqtwCjhz6vI5LT8AJ55H+4g9/4vbHx1I54fS0XuclLhDHArPQCiMjDxjaL8fPxhw=="],

    "escape-html": ["escape-html@1.0.3", "", {}, "sha512-NiSupZ4OeuGwr68lGIeym/ksIZMJodUGOSCZ/FSnTxcrekbvqrgdUxlJOMpijaKZVjAJrWrGs/6Jy8OMuyj9ow=="],

    "estree-walker": ["estree-walker@2.0.2", "", {}, "sha512-Rfkk/Mp/DL7JVje3u18FxFujQlTNR2q6QfMSMB7AvCBx91NGj/ba3kCfza0f6dVDbw7YlRf/nDrn7pQrCCyQ/w=="],

    "highlight.js": ["highlight.js@11.11.1", "", {}, "sha512-Xwwo44whKBVCYoliBQwaPvtd/2tYFkRQtXDWj1nackaV2JPXx3L0+Jvd8/qCJ2p+ML0/XVkJ2q+Mr+UVdpJK5w=="],

    "lodash": ["lodash@4.17.21", "", {}, "sha512-v2kDEe57lecTulaDIuNTPy3Ry4gLGJ6Z1O3vE1krgXZNrsQ+LFTGHVxVjcXPs17LhbZVGedAJv8XZ1tvj5FvSg=="],

    "lodash-es": ["lodash-es@4.17.21", "", {}, "sha512-mKnC+QJ9pWVzv+C4/U3rRsHapFfHvQFoFB92e52xeyGMcX6/OlIl78je1u8vePzYZSkkogMPJ2yjxxsb89cxyw=="],

    "lodash-unified": ["lodash-unified@1.0.3", "", { "peerDependencies": { "@types/lodash-es": "*", "lodash": "*", "lodash-es": "*" } }, "sha512-WK9qSozxXOD7ZJQlpSqOT+om2ZfcT4yO+03FuzAHD0wF6S0l0090LRPDx3vhTTLZ8cFKpBn+IOcVXK6qOcIlfQ=="],

    "magic-string": ["magic-string@0.30.18", "", { "dependencies": { "@jridgewell/sourcemap-codec": "^1.5.5" } }, "sha512-yi8swmWbO17qHhwIBNeeZxTceJMeBvWJaId6dyvTSOwTipqeHhMhOrz6513r1sOKnpvQ7zkhlG8tPrpilwTxHQ=="],

    "memoize-one": ["memoize-one@6.0.0", "", {}, "sha512-rkpe71W0N0c0Xz6QD0eJETuWAJGnJ9afsl1srmwPrI+yBCkge5EycXXbYRyvL29zZVUWQCY7InPRCv3GDXuZNw=="],

    "nanoid": ["nanoid@3.3.11", "", { "bin": { "nanoid": "bin/nanoid.cjs" } }, "sha512-N8SpfPUnUp1bK+PMYW8qSWdl9U+wwNWI4QKxOYDy9JAro3WMX7p2OeVRF9v+347pnakNevPmiHhNmZ2HbFA76w=="],

    "normalize-wheel-es": ["normalize-wheel-es@1.2.0", "", {}, "sha512-Wj7+EJQ8mSuXr2iWfnujrimU35R2W4FAErEyTmJoJ7ucwTn2hOUSsRehMb5RSYkxXGTM7Y9QpvPmp++w5ftoJw=="],

    "picocolors": ["picocolors@1.1.1", "", {}, "sha512-xceH2snhtb5M9liqDsmEw56le376mTZkEX/jEb/RxNFyegNul7eNslCXP9FDj/Lcu0X8KEyMceP2ntpaHrDEVA=="],

    "postcss": ["postcss@8.5.6", "", { "dependencies": { "nanoid": "^3.3.11", "picocolors": "^1.1.1", "source-map-js": "^1.2.1" } }, "sha512-3Ybi1tAuwAP9s0r1UQ2J4n5Y0G05bJkpUIO0/bI9MhwmD70S5aTWbXGBwxHrelT+XM1k6dM0pk+SwNkpTRN7Pg=="],

    "source-map-js": ["source-map-js@1.2.1", "", {}, "sha512-UXWMKhLOwVKb728IUtQPXxfYU+usdybtUrK/8uGE8CQMvrhOpwvzDBwj0QhSL7MQc7vIsISBG8VQ8+IDQxpfQA=="],

    "vue": ["vue@3.5.19", "", { "dependencies": { "@vue/compiler-dom": "3.5.19", "@vue/compiler-sfc": "3.5.19", "@vue/runtime-dom": "3.5.19", "@vue/server-renderer": "3.5.19", "@vue/shared": "3.5.19" }, "peerDependencies": { "typescript": "*" }, "optionalPeers": ["typescript"] }, "sha512-ZRh0HTmw6KChRYWgN8Ox/wi7VhpuGlvMPrHjIsdRbzKNgECFLzy+dKL5z9yGaBSjCpmcfJCbh3I1tNSRmBz2tg=="],

    "vue-demi": ["vue-demi@0.14.10", "", { "peerDependencies": { "@vue/composition-api": "^1.0.0-rc.1", "vue": "^3.0.0-0 || ^2.6.0" }, "optionalPeers": ["@vue/composition-api"], "bin": { "vue-demi-fix": "bin/vue-demi-fix.js", "vue-demi-switch": "bin/vue-demi-switch.js" } }, "sha512-nMZBOwuzabUO0nLgIcc6rycZEebF6eeUfaiQx9+WSk8e29IbLvPU9feI6tqW4kTo3hvoYAJkMh8n8D0fuISphg=="],

    "element-plus/@vueuse/core": ["@vueuse/core@9.13.0", "", { "dependencies": { "@types/web-bluetooth": "^0.0.16", "@vueuse/metadata": "9.13.0", "@vueuse/shared": "9.13.0", "vue-demi": "*" } }, "sha512-pujnclbeHWxxPRqXWmdkKV5OX4Wk4YeK7wusHqRwU0Q7EFusHoqNA/aPhB6KCh9hEqJkLAJo7bb0Lh9b+OIVzw=="],

    "element-plus/@vueuse/core/@types/web-bluetooth": ["@types/web-bluetooth@0.0.16", "", {}, "sha512-oh8q2Zc32S6gd/j50GowEjKLoOVOwHP/bWVjKJInBwQqdOYMdPrf1oVlelTlyfFK3CKxL1uahMDAr+vy8T7yMQ=="],

    "element-plus/@vueuse/core/@vueuse/metadata": ["@vueuse/metadata@9.13.0", "", {}, "sha512-gdU7TKNAUVlXXLbaF+ZCfte8BjRJQWPCa2J55+7/h+yDtzw3vOoGQDRXzI6pyKyo6bXFT5/QoPE4hAknExjRLQ=="],

    "element-plus/@vueuse/core/@vueuse/shared": ["@vueuse/shared@9.13.0", "", { "dependencies": { "vue-demi": "*" } }, "sha512-UrnhU+Cnufu4S6JLCPZnkWh0WwZGUp72ktOF2DFptMlOs3TOdVv8xJN53zhHGARmVOsz5KqOls09+J1NR6sBKw=="],
  }
}
